version = 1
revision = 3
requires-python = ">=3.12"

[[package]]
name = "colorama"
version = "0.4.6"
source = { registry = "https://pypi.org/simple" }
sdist = { url = "https://files.pythonhosted.org/packages/d8/53/6f443c9a4a8358a93a6792e2acffb9d9d5cb0a5cfd8802644b7b1c9a02e4/colorama-0.4.6.tar.gz", hash = "sha256:08695f5cb7ed6e0531a20572697297273c47b8cae5a63ffc6d6ed5c201be6e44", size = 27697, upload-time = "2022-10-25T02:36:22.414Z" }
wheels = [
    { url = "https://files.pythonhosted.org/packages/d1/d6/3965ed04c63042e047cb6a3e6ed1a63a35087b6a609aa3a15ed8ac56c221/colorama-0.4.6-py2.py3-none-any.whl", hash = "sha256:4f1d9991f5acc0ca119f9d443620b77f9d6b33703e51011c16baf57afb285fc6", size = 25335, upload-time = "2022-10-25T02:36:20.889Z" },
]

[[package]]
name = "iniconfig"
version = "2.3.0"
source = { registry = "https://pypi.org/simple" }
sdist = { url = "https://files.pythonhosted.org/packages/72/34/14ca021ce8e5dfedc35312d08ba8bf51fdd999c576889fc2c24cb97f4f10/iniconfig-2.3.0.tar.gz", hash = "sha256:c76315c77db068650d49c5b56314774a7804df16fee4402c1f19d6d15d8c4730", size = 20503, upload-time = "2025-10-18T21:55:43.219Z" }
wheels = [
    { url = "https://files.pythonhosted.org/packages/cb/b1/3846dd7f199d53cb17f49cba7e651e9ce294d8497c8c150530ed11865bb8/iniconfig-2.3.0-py3-none-any.whl", hash = "sha256:f631c04d2c48c52b84d0d0549c99ff3859c98df65b3101406327ecc7d53fbf12", size = 7484, upload-time = "2025-10-18T21:55:41.639Z" },
]

[[package]]
name = "magika-rules-benchmark"
version = "1.2.0"
source = { editable = "." }
dependencies = [
    { name = "pyarrow" },
    { name = "tabulate" },
    { name = "yara-x" },
]

[package.optional-dependencies]
comparators = [
    { name = "stringzilla" },
]

[package.dev-dependencies]
dev = [
    { name = "pytest" },
    { name = "ruff" },
]

[package.metadata]
requires-dist = [
    { name = "pyarrow", specifier = ">=20,<24" },
    { name = "stringzilla", marker = "extra == 'comparators'", specifier = "==5.1.2" },
    { name = "tabulate", specifier = ">=0.9,<1" },
    { name = "yara-x", specifier = "==1.20.0" },
]
provides-extras = ["comparators"]

[package.metadata.requires-dev]
dev = [
    { name = "pytest", specifier = ">=8,<10" },
    { name = "ruff", specifier = ">=0.12,<1" },
]

[[package]]
name = "packaging"
version = "26.3"
source = { registry = "https://pypi.org/simple" }
sdist = { url = "https://files.pythonhosted.org/packages/7d/fa/3944b40b07da9ce895c0e6303a5ab7d53da063554f534556b134a54d6093/packaging-26.3.tar.gz", hash = "sha256:94edc256424af38762eb31306eed28beb9f0efc50a8837492c9d6fd6004aed79", size = 313412, upload-time = "2026-08-04T18:15:28.737Z" }
wheels = [
    { url = "https://files.pythonhosted.org/packages/63/34/ba1c580383c9eada3711951fef0795c80b829a078d72188184bcab9dd527/packaging-26.3-py3-none-any.whl", hash = "sha256:d7193f7c8e4e93f444fde0262bf90af30e16fa0ad0ad44cb553c87339b23cd1c", size = 129956, upload-time = "2026-08-04T18:15:27.159Z" },
]

[[package]]
name = "pluggy"
version = "1.6.0"
source = { registry = "https://pypi.org/simple" }
sdist = { url = "https://files.pythonhosted.org/packages/f9/e2/3e91f31a7d2b083fe6ef3fa267035b518369d9511ffab804f839851d2779/pluggy-1.6.0.tar.gz", hash = "sha256:7dcc130b76258d33b90f61b658791dede3486c3e6bfb003ee5c9bfb396dd22f3", size = 69412, upload-time = "2025-05-15T12:30:07.975Z" }
wheels = [
    { url = "https://files.pythonhosted.org/packages/54/20/4d324d65cc6d9205fabedc306948156824eb9f0ee1633355a8f7ec5c66bf/pluggy-1.6.0-py3-none-any.whl", hash = "sha256:e920276dd6813095e9377c0bc5566d94c932c33b27a3e3945d8389c374dd4746", size = 20538, upload-time = "2025-05-15T12:30:06.134Z" },
]

[[package]]
name = "pyarrow"
version = "23.0.1"
source = { registry = "https://pypi.org/simple" }
sdist = { url = "https://files.pythonhosted.org/packages/88/22/134986a4cc224d593c1afde5494d18ff629393d74cc2eddb176669f234a4/pyarrow-23.0.1.tar.gz", hash = "sha256:b8c5873e33440b2bc2f4a79d2b47017a89c5a24116c055625e6f2ee50523f019", size = 1167336, upload-time = "2026-02-16T10:14:12.39Z" }
wheels = [
    { url = "https://files.pythonhosted.org/packages/9a/4b/4166bb5abbfe6f750fc60ad337c43ecf61340fa52ab386da6e8dbf9e63c4/pyarrow-23.0.1-cp312-cp312-macosx_12_0_arm64.whl", hash = "sha256:f4b0dbfa124c0bb161f8b5ebb40f1a680b70279aa0c9901d44a2b5a20806039f", size = 34214575, upload-time = "2026-02-16T10:09:56.225Z" },
    { url = "https://files.pythonhosted.org/packages/e1/da/3f941e3734ac8088ea588b53e860baeddac8323ea40ce22e3d0baa865cc9/pyarrow-23.0.1-cp312-cp312-macosx_12_0_x86_64.whl", hash = "sha256:7707d2b6673f7de054e2e83d59f9e805939038eebe1763fe811ee8fa5c0cd1a7", size = 35832540, upload-time = "2026-02-16T10:10:03.428Z" },
    { url = "https://files.pythonhosted.org/packages/88/7c/3d841c366620e906d54430817531b877ba646310296df42ef697308c2705/pyarrow-23.0.1-cp312-cp312-manylinux_2_28_aarch64.whl", hash = "sha256:86ff03fb9f1a320266e0de855dee4b17da6794c595d207f89bba40d16b5c78b9", size = 44470940, upload-time = "2026-02-16T10:10:10.704Z" },
    { url = "https://files.pythonhosted.org/packages/2c/a5/da83046273d990f256cb79796a190bbf7ec999269705ddc609403f8c6b06/pyarrow-23.0.1-cp312-cp312-manylinux_2_28_x86_64.whl", hash = "sha256:813d99f31275919c383aab17f0f455a04f5a429c261cc411b1e9a8f5e4aaaa05", size = 47586063, upload-time = "2026-02-16T10:10:17.95Z" },
    { url = "https://files.pythonhosted.org/packages/5b/3c/b7d2ebcff47a514f47f9da1e74b7949138c58cfeb108cdd4ee62f43f0cf3/pyarrow-23.0.1-cp312-cp312-musllinux_1_2_aarch64.whl", hash = "sha256:bf5842f960cddd2ef757d486041d57c96483efc295a8c4a0e20e704cbbf39c67", size = 48173045, upload-time = "2026-02-16T10:10:25.363Z" },
    { url = "https://files.pythonhosted.org/packages/43/b2/b40961262213beaba6acfc88698eb773dfce32ecdf34d19291db94c2bd73/pyarrow-23.0.1-cp312-cp312-musllinux_1_2_x86_64.whl", hash = "sha256:564baf97c858ecc03ec01a41062e8f4698abc3e6e2acd79c01c2e97880a19730", size = 50621741, upload-time = "2026-02-16T10:10:33.477Z" },
    { url = "https://files.pythonhosted.org/packages/f6/70/1fdda42d65b28b078e93d75d371b2185a61da89dda4def8ba6ba41ebdeb4/pyarrow-23.0.1-cp312-cp312-win_amd64.whl", hash = "sha256:07deae7783782ac7250989a7b2ecde9b3c343a643f82e8a4df03d93b633006f0", size = 27620678, upload-time = "2026-02-16T10:10:39.31Z" },
    { url = "https://files.pythonhosted.org/packages/47/10/2cbe4c6f0fb83d2de37249567373d64327a5e4d8db72f486db42875b08f6/pyarrow-23.0.1-cp313-cp313-macosx_12_0_arm64.whl", hash = "sha256:6b8fda694640b00e8af3c824f99f789e836720aa8c9379fb435d4c4953a756b8", size = 34210066, upload-time = "2026-02-16T10:10:45.487Z" },
    { url = "https://files.pythonhosted.org/packages/cb/4f/679fa7e84dadbaca7a65f7cdba8d6c83febbd93ca12fa4adf40ba3b6362b/pyarrow-23.0.1-cp313-cp313-macosx_12_0_x86_64.whl", hash = "sha256:8ff51b1addc469b9444b7c6f3548e19dc931b172ab234e995a60aea9f6e6025f", size = 35825526, upload-time = "2026-02-16T10:10:52.266Z" },
    { url = "https://files.pythonhosted.org/packages/f9/63/d2747d930882c9d661e9398eefc54f15696547b8983aaaf11d4a2e8b5426/pyarrow-23.0.1-cp313-cp313-manylinux_2_28_aarch64.whl", hash = "sha256:71c5be5cbf1e1cb6169d2a0980850bccb558ddc9b747b6206435313c47c37677", size = 44473279, upload-time = "2026-02-16T10:11:01.557Z" },
    { url = "https://files.pythonhosted.org/packages/b3/93/10a48b5e238de6d562a411af6467e71e7aedbc9b87f8d3a35f1560ae30fb/pyarrow-23.0.1-cp313-cp313-manylinux_2_28_x86_64.whl", hash = "sha256:9b6f4f17b43bc39d56fec96e53fe89d94bac3eb134137964371b45352d40d0c2", size = 47585798, upload-time = "2026-02-16T10:11:09.401Z" },
    { url = "https://files.pythonhosted.org/packages/5c/20/476943001c54ef078dbf9542280e22741219a184a0632862bca4feccd666/pyarrow-23.0.1-cp313-cp313-musllinux_1_2_aarch64.whl", hash = "sha256:9fc13fc6c403d1337acab46a2c4346ca6c9dec5780c3c697cf8abfd5e19b6b37", size = 48179446, upload-time = "2026-02-16T10:11:17.781Z" },
    { url = "https://files.pythonhosted.org/packages/4b/b6/5dd0c47b335fcd8edba9bfab78ad961bd0fd55ebe53468cc393f45e0be60/pyarrow-23.0.1-cp313-cp313-musllinux_1_2_x86_64.whl", hash = "sha256:5c16ed4f53247fa3ffb12a14d236de4213a4415d127fe9cebed33d51671113e2", size = 50623972, upload-time = "2026-02-16T10:11:26.185Z" },
    { url = "https://files.pythonhosted.org/packages/d5/09/a532297c9591a727d67760e2e756b83905dd89adb365a7f6e9c72578bcc1/pyarrow-23.0.1-cp313-cp313-win_amd64.whl", hash = "sha256:cecfb12ef629cf6be0b1887f9f86463b0dd3dc3195ae6224e74006be4736035a", size = 27540749, upload-time = "2026-02-16T10:12:23.297Z" },
    { url = "https://files.pythonhosted.org/packages/a5/8e/38749c4b1303e6ae76b3c80618f84861ae0c55dd3c2273842ea6f8258233/pyarrow-23.0.1-cp313-cp313t-macosx_12_0_arm64.whl", hash = "sha256:29f7f7419a0e30264ea261fdc0e5fe63ce5a6095003db2945d7cd78df391a7e1", size = 34471544, upload-time = "2026-02-16T10:11:32.535Z" },
    { url = "https://files.pythonhosted.org/packages/a3/73/f237b2bc8c669212f842bcfd842b04fc8d936bfc9d471630569132dc920d/pyarrow-23.0.1-cp313-cp313t-macosx_12_0_x86_64.whl", hash = "sha256:33d648dc25b51fd8055c19e4261e813dfc4d2427f068bcecc8b53d01b81b0500", size = 35949911, upload-time = "2026-02-16T10:11:39.813Z" },
    { url = "https://files.pythonhosted.org/packages/0c/86/b912195eee0903b5611bf596833def7d146ab2d301afeb4b722c57ffc966/pyarrow-23.0.1-cp313-cp313t-manylinux_2_28_aarch64.whl", hash = "sha256:cd395abf8f91c673dd3589cadc8cc1ee4e8674fa61b2e923c8dd215d9c7d1f41", size = 44520337, upload-time = "2026-02-16T10:11:47.764Z" },
    { url = "https://files.pythonhosted.org/packages/69/c2/f2a717fb824f62d0be952ea724b4f6f9372a17eed6f704b5c9526f12f2f1/pyarrow-23.0.1-cp313-cp313t-manylinux_2_28_x86_64.whl", hash = "sha256:00be9576d970c31defb5c32eb72ef585bf600ef6d0a82d5eccaae96639cf9d07", size = 47548944, upload-time = "2026-02-16T10:11:56.607Z" },
    { url = "https://files.pythonhosted.org/packages/84/a7/90007d476b9f0dc308e3bc57b832d004f848fd6c0da601375d20d92d1519/pyarrow-23.0.1-cp313-cp313t-musllinux_1_2_aarch64.whl", hash = "sha256:c2139549494445609f35a5cda4eb94e2c9e4d704ce60a095b342f82460c73a83", size = 48236269, upload-time = "2026-02-16T10:12:04.47Z" },
    { url = "https://files.pythonhosted.org/packages/b0/3f/b16fab3e77709856eb6ac328ce35f57a6d4a18462c7ca5186ef31b45e0e0/pyarrow-23.0.1-cp313-cp313t-musllinux_1_2_x86_64.whl", hash = "sha256:7044b442f184d84e2351e5084600f0d7343d6117aabcbc1ac78eb1ae11eb4125", size = 50604794, upload-time = "2026-02-16T10:12:11.797Z" },
    { url = "https://files.pythonhosted.org/packages/e9/a1/22df0620a9fac31d68397a75465c344e83c3dfe521f7612aea33e27ab6c0/pyarrow-23.0.1-cp313-cp313t-win_amd64.whl", hash = "sha256:a35581e856a2fafa12f3f54fce4331862b1cfb0bef5758347a858a4aa9d6bae8", size = 27660642, upload-time = "2026-02-16T10:12:17.746Z" },
    { url = "https://files.pythonhosted.org/packages/8d/1b/6da9a89583ce7b23ac611f183ae4843cd3a6cf54f079549b0e8c14031e73/pyarrow-23.0.1-cp314-cp314-macosx_12_0_arm64.whl", hash = "sha256:5df1161da23636a70838099d4aaa65142777185cc0cdba4037a18cee7d8db9ca", size = 34238755, upload-time = "2026-02-16T10:12:32.819Z" },
    { url = "https://files.pythonhosted.org/packages/ae/b5/d58a241fbe324dbaeb8df07be6af8752c846192d78d2272e551098f74e88/pyarrow-23.0.1-cp314-cp314-macosx_12_0_x86_64.whl", hash = "sha256:fa8e51cb04b9f8c9c5ace6bab63af9a1f88d35c0d6cbf53e8c17c098552285e1", size = 35847826, upload-time = "2026-02-16T10:12:38.949Z" },
    { url = "https://files.pythonhosted.org/packages/54/a5/8cbc83f04aba433ca7b331b38f39e000efd9f0c7ce47128670e737542996/pyarrow-23.0.1-cp314-cp314-manylinux_2_28_aarch64.whl", hash = "sha256:0b95a3994f015be13c63148fef8832e8a23938128c185ee951c98908a696e0eb", size = 44536859, upload-time = "2026-02-16T10:12:45.467Z" },
    { url = "https://files.pythonhosted.org/packages/36/2e/c0f017c405fcdc252dbccafbe05e36b0d0eb1ea9a958f081e01c6972927f/pyarrow-23.0.1-cp314-cp314-manylinux_2_28_x86_64.whl", hash = "sha256:4982d71350b1a6e5cfe1af742c53dfb759b11ce14141870d05d9e540d13bc5d1", size = 47614443, upload-time = "2026-02-16T10:12:55.525Z" },
    { url = "https://files.pythonhosted.org/packages/af/6b/2314a78057912f5627afa13ba43809d9d653e6630859618b0fd81a4e0759/pyarrow-23.0.1-cp314-cp314-musllinux_1_2_aarch64.whl", hash = "sha256:c250248f1fe266db627921c89b47b7c06fee0489ad95b04d50353537d74d6886", size = 48232991, upload-time = "2026-02-16T10:13:04.729Z" },
    { url = "https://files.pythonhosted.org/packages/40/f2/1bcb1d3be3460832ef3370d621142216e15a2c7c62602a4ea19ec240dd64/pyarrow-23.0.1-cp314-cp314-musllinux_1_2_x86_64.whl", hash = "sha256:5f4763b83c11c16e5f4c15601ba6dfa849e20723b46aa2617cb4bffe8768479f", size = 50645077, upload-time = "2026-02-16T10:13:14.147Z" },
    { url = "https://files.pythonhosted.org/packages/eb/3f/b1da7b61cd66566a4d4c8383d376c606d1c34a906c3f1cb35c479f59d1aa/pyarrow-23.0.1-cp314-cp314-win_amd64.whl", hash = "sha256:3a4c85ef66c134161987c17b147d6bffdca4566f9a4c1d81a0a01cdf08414ea5", size = 28234271, upload-time = "2026-02-16T10:14:09.397Z" },
    { url = "https://files.pythonhosted.org/packages/b5/78/07f67434e910a0f7323269be7bfbf58699bd0c1d080b18a1ab49ba943fe8/pyarrow-23.0.1-cp314-cp314t-macosx_12_0_arm64.whl", hash = "sha256:17cd28e906c18af486a499422740298c52d7c6795344ea5002a7720b4eadf16d", size = 34488692, upload-time = "2026-02-16T10:13:21.541Z" },
    { url = "https://files.pythonhosted.org/packages/50/76/34cf7ae93ece1f740a04910d9f7e80ba166b9b4ab9596a953e9e62b90fe1/pyarrow-23.0.1-cp314-cp314t-macosx_12_0_x86_64.whl", hash = "sha256:76e823d0e86b4fb5e1cf4a58d293036e678b5a4b03539be933d3b31f9406859f", size = 35964383, upload-time = "2026-02-16T10:13:28.63Z" },
    { url = "https://files.pythonhosted.org/packages/46/90/459b827238936d4244214be7c684e1b366a63f8c78c380807ae25ed92199/pyarrow-23.0.1-cp314-cp314t-manylinux_2_28_aarch64.whl", hash = "sha256:a62e1899e3078bf65943078b3ad2a6ddcacf2373bc06379aac61b1e548a75814", size = 44538119, upload-time = "2026-02-16T10:13:35.506Z" },
    { url = "https://files.pythonhosted.org/packages/28/a1/93a71ae5881e99d1f9de1d4554a87be37da11cd6b152239fb5bd924fdc64/pyarrow-23.0.1-cp314-cp314t-manylinux_2_28_x86_64.whl", hash = "sha256:df088e8f640c9fae3b1f495b3c64755c4e719091caf250f3a74d095ddf3c836d", size = 47571199, upload-time = "2026-02-16T10:13:42.504Z" },
    { url = "https://files.pythonhosted.org/packages/88/a3/d2c462d4ef313521eaf2eff04d204ac60775263f1fb08c374b543f79f610/pyarrow-23.0.1-cp314-cp314t-musllinux_1_2_aarch64.whl", hash = "sha256:46718a220d64677c93bc243af1d44b55998255427588e400677d7192671845c7", size = 48259435, upload-time = "2026-02-16T10:13:49.226Z" },
    { url = "https://files.pythonhosted.org/packages/cc/f1/11a544b8c3d38a759eb3fbb022039117fd633e9a7b19e4841cc3da091915/pyarrow-23.0.1-cp314-cp314t-musllinux_1_2_x86_64.whl", hash = "sha256:a09f3876e87f48bc2f13583ab551f0379e5dfb83210391e68ace404181a20690", size = 50629149, upload-time = "2026-02-16T10:13:57.238Z" },
    { url = "https://files.pythonhosted.org/packages/50/f2/c0e76a0b451ffdf0cf788932e182758eb7558953f4f27f1aff8e2518b653/pyarrow-23.0.1-cp314-cp314t-win_amd64.whl", hash = "sha256:527e8d899f14bd15b740cd5a54ad56b7f98044955373a17179d5956ddb93d9ce", size = 28365807, upload-time = "2026-02-16T10:14:03.892Z" },
]

[[package]]
name = "pygments"
version = "2.21.0"
source = { registry = "https://pypi.org/simple" }
sdist = { url = "https://files.pythonhosted.org/packages/49/2e/ced460408999b33da6b31b0021b0f37d329e202d4169aeb164493778f25b/pygments-2.21.0.tar.gz", hash = "sha256:610ca751c9bc2492b38eb9a38a7fbc93edbbb2d7182edaf34e66ae493dee5c8c", size = 5005329, upload-time = "2026-08-17T08:02:48.824Z" }
wheels = [
    { url = "https://files.pythonhosted.org/packages/71/46/17f022dd3e953bf20a04a028a21ec746d942f8d2af30fa0f124fa0e6a684/pygments-2.21.0-py3-none-any.whl", hash = "sha256:2363c69b61c4a97c838da3b130dcd6468f4848992b21a82f2a63ec34377137d9", size = 1250147, upload-time = "2026-08-17T08:02:44.912Z" },
]

[[package]]
name = "pytest"
version = "9.1.1"
source = { registry = "https://pypi.org/simple" }
dependencies = [
    { name = "colorama", marker = "sys_platform == 'win32'" },
    { name = "iniconfig" },
    { name = "packaging" },
    { name = "pluggy" },
    { name = "pygments" },
]
sdist = { url = "https://files.pythonhosted.org/packages/e4/47/b9efed96c114afcfa3c9d3fe98a76a1d14c74a9e266d397cf6eb64be5e01/pytest-9.1.1.tar.gz", hash = "sha256:1088fbde8f2b49d95a549a195707afa7a76a3ce9bcadc26b6d71f0ffda5fe313", size = 1636369, upload-time = "2026-06-19T10:58:32.857Z" }
wheels = [
    { url = "https://files.pythonhosted.org/packages/24/25/1de2678b631f5a49215c6c96fff41ba892b0a34df68d6d80292b1b48aa7f/pytest-9.1.1-py3-none-any.whl", hash = "sha256:37a86b45efb9a47a61a36449063e8e18d0cab3161329fc099eb21783169c4f0c", size = 386536, upload-time = "2026-06-19T10:58:31.347Z" },
]

[[package]]
name = "ruff"
version = "0.16.6"
source = { registry = "https://pypi.org/simple" }
sdist = { url = "https://files.pythonhosted.org/packages/a4/7c/6adb35d70e7c027e308274557901c7e00fb3407750faf3620c184ae058cb/ruff-0.16.6.tar.gz", hash = "sha256:dcf8a73d2ff77e99dde91244b4da16feba7f14e6beeb4015dee7c5a909e99050", size = 4921251, upload-time = "2026-09-03T16:57:29.037Z" }
wheels = [
    { url = "https://files.pythonhosted.org/packages/a4/28/9cc1b79639e284ec103f43c88c644db4eb58cbd0ea1ca11f1193435369ac/ruff-0.16.6-py3-none-linux_armv6l.whl", hash = "sha256:61c368c26bf8e973e5ab14a2772de587bc068ea3f9a277f673380749b4898fb8", size = 10015638, upload-time = "2026-09-03T16:56:40.986Z" },
    { url = "https://files.pythonhosted.org/packages/71/11/627d342ef727ea7794edf74fe23d60a074b02c3acc2e9436684e782286ca/ruff-0.16.6-py3-none-macosx_10_12_x86_64.whl", hash = "sha256:ecf4f068e2e123e43a26e9db4e19524cc56563912404e83bbfca375757e45a32", size = 10220762, upload-time = "2026-09-03T16:56:44.681Z" },
    { url = "https://files.pythonhosted.org/packages/43/d9/b75668ce41e4c8d073d18d6d08672ba6906ce45d5c06ea4fdb2e84ce3853/ruff-0.16.6-py3-none-macosx_11_0_arm64.whl", hash = "sha256:99b62ea33baf130f50368798d841f0d95527b6d817bf31817b65dd058f1d314c", size = 9835082, upload-time = "2026-09-03T16:56:47.142Z" },
    { url = "https://files.pythonhosted.org/packages/99/97/123ab10b05cde889c107c20f5a9774955104b5552796a2a8584b089ae8eb/ruff-0.16.6-py3-none-manylinux_2_17_aarch64.manylinux2014_aarch64.whl", hash = "sha256:7fbf89013f2bb3f6835a6038ff658dc8a1b38c98dc8e724b964168ad4e881876", size = 9949304, upload-time = "2026-09-03T16:56:49.813Z" },
    { url = "https://files.pythonhosted.org/packages/3e/58/a4a2c59dd2e5b85929c912d9cac3056eb9ee8c7e75e9b9fe3e109174966b/ruff-0.16.6-py3-none-manylinux_2_17_armv7l.manylinux2014_armv7l.whl", hash = "sha256:56a67065e22efa6bc4d498299d3bb06c0c90aace8fac2068b5a12f9dc4d8d51d", size = 9840612, upload-time = "2026-09-03T16:56:52.368Z" },
    { url = "https://files.pythonhosted.org/packages/61/6a/ff8c8626a786c4f49d48ced4a752dadbca65f5263005f9c2416578194694/ruff-0.16.6-py3-none-manylinux_2_17_i686.manylinux2014_i686.whl", hash = "sha256:e25cc89174874b176a157e4428d66761c2c0c006654419bf384f967f361ff1b1", size = 10543465, upload-time = "2026-09-03T16:56:55.089Z" },
    { url = "https://files.pythonhosted.org/packages/ad/bb/c47535923365f337b82e28192e4e9eef2176511007cfd99a62fc22df5dad/ruff-0.16.6-py3-none-manylinux_2_17_ppc64le.manylinux2014_ppc64le.whl", hash = "sha256:0700580ed5303723cb3c11c2f1d2a8913ce77b7ea86646dddb887f5417a9ba70", size = 11267576, upload-time = "2026-09-03T16:56:57.791Z" },
    { url = "https://files.pythonhosted.org/packages/ba/50/e5119a5212b5cd63b51e1f4b25e7bd636a6668fc069a3160b108ad7e3c16/ruff-0.16.6-py3-none-manylinux_2_17_s390x.manylinux2014_s390x.whl", hash = "sha256:15f1d0b6e165a6e56567befb6629f8209271311d990bae0f37e6d065035ef5f3", size = 10781993, upload-time = "2026-09-03T16:57:00.666Z" },
    { url = "https://files.pythonhosted.org/packages/8b/98/083d8b4ef3c51a0d19db84367791cbe9f44e4b53343d19dfa83556e1cd9a/ruff-0.16.6-py3-none-manylinux_2_17_x86_64.manylinux2014_x86_64.whl", hash = "sha256:d72c591a96986ee4268860e2b7235082129ca5e4cb9cbba653a4b57c11893757", size = 10317748, upload-time = "2026-09-03T16:57:03.428Z" },
    { url = "https://files.pythonhosted.org/packages/9a/29/68f7ff2c5ad95f19f00627ac2de95644e25fe47371ea60b2db1fd952315e/ruff-0.16.6-py3-none-manylinux_2_31_riscv64.whl", hash = "sha256:65a006baa18f33324325814c864daef03541d51564b98c517610ea756ab7003e", size = 10540096, upload-time = "2026-09-03T16:57:06.182Z" },
    { url = "https://files.pythonhosted.org/packages/c4/f9/79a8f6de85968641d68a7863aeec577551924ef066a990a48ff93167beab/ruff-0.16.6-py3-none-musllinux_1_2_aarch64.whl", hash = "sha256:cd02a7bf1a21a8735228a3e8c95a9dc5cf86bd2a52194f4aaae2a5755b4de0f4", size = 10100494, upload-time = "2026-09-03T16:57:09.194Z" },
    { url = "https://files.pythonhosted.org/packages/d9/e8/b81a22d9b90c00b892ccf2fa2ac36fa95de4c13ab85aea3e73795cfe4651/ruff-0.16.6-py3-none-musllinux_1_2_armv7l.whl", hash = "sha256:31b36f1e5ad85e0737f09d2be4e512e2e283583c14015da3b9dc07359ac0fc88", size = 9843663, upload-time = "2026-09-03T16:57:12.168Z" },
    { url = "https://files.pythonhosted.org/packages/39/aa/54f516ec5e5a11c4afdceb1c454ebb054ffb96e4f4a1705580b4346abd35/ruff-0.16.6-py3-none-musllinux_1_2_i686.whl", hash = "sha256:61029b4ab4aa723fd3064fab96b1d814492596bf0c792679fffcbde1e1679953", size = 10282461, upload-time = "2026-09-03T16:57:15.077Z" },
    { url = "https://files.pythonhosted.org/packages/52/0b/38d0aa8aa32372b96dc44f97b22e576c4147808271aab7b2cb1e353d4445/ruff-0.16.6-py3-none-musllinux_1_2_x86_64.whl", hash = "sha256:9ac8998457832c2061709d900856b7ad271dace0cb41f346588d540162bfa718", size = 10728808, upload-time = "2026-09-03T16:57:17.797Z" },
    { url = "https://files.pythonhosted.org/packages/5e/e5/9e274e24eeb027640ffc7442f21239f16d17f47acec15ae34f32e03a5c79/ruff-0.16.6-py3-none-win32.whl", hash = "sha256:0b87d9d16fcb63e8018423ca1d50b7260f15cb2da33e30db4baad4183a948c25", size = 10049212, upload-time = "2026-09-03T16:57:20.55Z" },
    { url = "https://files.pythonhosted.org/packages/22/31/72472449414223ed1a2da236b992adbb1a2ae59e34794574810f60ce068e/ruff-0.16.6-py3-none-win_amd64.whl", hash = "sha256:10d21c51c3495d8eaea7b703a16592117ea6eb1d649e36335aa965ff1173eb39", size = 10556402, upload-time = "2026-09-03T16:57:23.501Z" },
    { url = "https://files.pythonhosted.org/packages/fc/07/d781f8f8e1ac24bef9f3269cf62ffb1407ca24c3a8f12e5e22874f90528c/ruff-0.16.6-py3-none-win_arm64.whl", hash = "sha256:7a976c79b958f94e50a022a19f0f8c87387448020935ec14fc74331bd0a7f2c5", size = 10412850, upload-time = "2026-09-03T16:57:26.416Z" },
]

[[package]]
name = "stringzilla"
version = "5.1.2"
source = { registry = "https://pypi.org/simple" }
sdist = { url = "https://files.pythonhosted.org/packages/28/21/42eb0353de11b272e67f96b4be906c3d04f9c9911270c0de8d50bce3fd27/stringzilla-5.1.2.tar.gz", hash = "sha256:7c2a952d6305df23bd4e592c28c27786e0d77982949233df20029370cd0096ad", size = 1991371, upload-time = "2026-08-12T02:05:22.833Z" }
wheels = [
    { url = "https://files.pythonhosted.org/packages/bb/2c/9ede1448dbcf880ac11c3673178133e3277e0150b376a978443225d9e1c0/stringzilla-5.1.2-cp312-cp312-macosx_11_0_arm64.whl", hash = "sha256:0a7b43fe12aa3d1f6101d341e3aabdb5167ea71fc5d88c888b508d2fb81cdc84", size = 417375, upload-time = "2026-08-12T02:03:45.648Z" },
    { url = "https://files.pythonhosted.org/packages/22/06/54975859943bb28961915a7cc4231dfbe6656b50f49ed9621eee9648edb9/stringzilla-5.1.2-cp312-cp312-macosx_11_0_x86_64.whl", hash = "sha256:5b711f864aacc3aea3d53b72cc2e69159e5ac4ea5ee7ac24d717e365edee7604", size = 443650, upload-time = "2026-08-12T02:03:47.722Z" },
    { url = "https://files.pythonhosted.org/packages/45/3e/7dcb168368bc2e53920478d3ba9e6e3663e2e538d3fe11ef1cc37859bb94/stringzilla-5.1.2-cp312-cp312-manylinux2014_aarch64.manylinux_2_17_aarch64.manylinux_2_28_aarch64.whl", hash = "sha256:87e9fe62c9b203e49922cab91389fe97d331083fb9ed7ca71180ba94179bcd0b", size = 3498963, upload-time = "2026-08-12T02:03:49.355Z" },
    { url = "https://files.pythonhosted.org/packages/c9/e8/1fd99de75ac32fc8a4ca05b93757a1fcf6b8a0fcce3a8bbdbee12ee691e6/stringzilla-5.1.2-cp312-cp312-manylinux2014_armv7l.manylinux_2_17_armv7l.manylinux_2_31_armv7l.whl", hash = "sha256:3580c2fa1f176de38f68a251fab10adab0355d1d83565024361c7f877f912f8a", size = 2545094, upload-time = "2026-08-12T02:03:50.815Z" },
    { url = "https://files.pythonhosted.org/packages/81/e1/f279cc9f27e5ba329071c74fbd4aca02e7aeb6b9bf3ddb0eccfae5fc9675/stringzilla-5.1.2-cp312-cp312-manylinux2014_ppc64le.manylinux_2_17_ppc64le.manylinux_2_28_ppc64le.whl", hash = "sha256:cb8ec524d6c4a691851d77e691b0c254bbca63b4a64e54fe37451c15ba5bb55a", size = 2716685, upload-time = "2026-08-12T02:03:52.495Z" },
    { url = "https://files.pythonhosted.org/packages/b5/0f/39ec9b7014652ce66eda7f658aeba6b99cf648b5cfd42ca93f77bb7daa53/stringzilla-5.1.2-cp312-cp312-manylinux2014_s390x.manylinux_2_17_s390x.manylinux_2_28_s390x.whl", hash = "sha256:b8292172ab9cac1ade26f9655a7bba64b173a9a56a6f268d2ba4614403bf19a1", size = 2553673, upload-time = "2026-08-12T02:03:54.07Z" },
    { url = "https://files.pythonhosted.org/packages/03/e8/5c880ffd8d4bb9df4cdf75ab8b44fc8f7011b6cb629b3e6242f3d5944b4f/stringzilla-5.1.2-cp312-cp312-manylinux2014_x86_64.manylinux_2_17_x86_64.manylinux_2_28_x86_64.whl", hash = "sha256:7780f3ac20a90b6a33a0719c2e2ce7506a09a3dabd3d4f1b7c3fdd7594df4b25", size = 4332482, upload-time = "2026-08-12T02:03:55.656Z" },
    { url = "https://files.pythonhosted.org/packages/3f/41/2ff5c6d42c1788e8a461e47bdfa4ae473b7ef4e3aee9be7c220d4e107207/stringzilla-5.1.2-cp312-cp312-manylinux_2_34_riscv64.manylinux_2_39_riscv64.whl", hash = "sha256:04f40b43fde775f61bbd12dd6e2fcc19e60b4147f723a8718b83b4b78489be0a", size = 2533723, upload-time = "2026-08-12T02:03:57.055Z" },
    { url = "https://files.pythonhosted.org/packages/9b/2f/6433a8705e04610440c9b5a8031b8a681358c8b2fa42605de4ad015509cb/stringzilla-5.1.2-cp312-cp312-musllinux_1_2_aarch64.whl", hash = "sha256:40b4c8488cee4df637828e094e8c2e82905fc17002c87c33b122f61706a9496d", size = 3470914, upload-time = "2026-08-12T02:03:58.562Z" },
    { url = "https://files.pythonhosted.org/packages/b7/ec/d96da6546428cbe5d30384e13d9edbbd8f7dfa5a34e263139ac176f54275/stringzilla-5.1.2-cp312-cp312-musllinux_1_2_armv7l.whl", hash = "sha256:018dd044a9596be35bc667274317d900f278ff6800d59c3c15be9d80a00ca58e", size = 2363057, upload-time = "2026-08-12T02:03:59.99Z" },
    { url = "https://files.pythonhosted.org/packages/cf/59/5b9a5cd22cd5c504a200b3835c1820b955272931823bbbda5cb2d8dfed8a/stringzilla-5.1.2-cp312-cp312-musllinux_1_2_ppc64le.whl", hash = "sha256:d7b1a40f7e82f97577bd79a86eaded1caa3431a09a6165b08b21c7186fec05a0", size = 2704042, upload-time = "2026-08-12T02:04:01.625Z" },
    { url = "https://files.pythonhosted.org/packages/bb/bc/1d82a71a6bfa9489864f376b9a54735c81335b6e6d82558df6741bc10cbf/stringzilla-5.1.2-cp312-cp312-musllinux_1_2_riscv64.whl", hash = "sha256:4ea6152e915a3a12b150bd7d972eeaf5b9e635de81f7cebdabcc53b3fdb2bdef", size = 2364754, upload-time = "2026-08-12T02:04:03.279Z" },
    { url = "https://files.pythonhosted.org/packages/4c/01/3b11f482f3c933d63a15761888739f38936d5537bb27d5be36a8ae0b3370/stringzilla-5.1.2-cp312-cp312-musllinux_1_2_s390x.whl", hash = "sha256:c5dc430efc0c7b66a1189ae029ee068cf75a6b097ce70b30e9579aa26cb10cd2", size = 2539186, upload-time = "2026-08-12T02:04:04.968Z" },
    { url = "https://files.pythonhosted.org/packages/51/a9/d59224b25e50bfbe5d0a3ede57391b785bc5ef7df586540a6e3ec6184a5d/stringzilla-5.1.2-cp312-cp312-musllinux_1_2_x86_64.whl", hash = "sha256:f8969f4b27d461f12c94108adbcc3c20406daf17a3053fedd48acf0e353775c7", size = 4286063, upload-time = "2026-08-12T02:04:06.669Z" },
    { url = "https://files.pythonhosted.org/packages/4b/57/0cdf5c2f0930c6b263006327135e4165ae5f842899de9a7cbe75d3189bc3/stringzilla-5.1.2-cp312-cp312-win32.whl", hash = "sha256:125fcba11357de66c24228a9888530466214f1babe5141b57b53c9dbd027ffa8", size = 309798, upload-time = "2026-08-12T02:04:08.004Z" },
    { url = "https://files.pythonhosted.org/packages/2e/a5/0d87bb0d286123c63be69de9226cd0c8f7b990f396d3a5d08aab0ac3d040/stringzilla-5.1.2-cp312-cp312-win_amd64.whl", hash = "sha256:78ddfe6cbc1a6900a7d098739fb276a7956bb77341f3637e7aa55e4daaad4eb6", size = 868358, upload-time = "2026-08-12T02:04:09.523Z" },
    { url = "https://files.pythonhosted.org/packages/56/01/8b0a64f0f8f5658837930b81dae65d549becf2a3356cf36c57aba4b4fad3/stringzilla-5.1.2-cp312-cp312-win_arm64.whl", hash = "sha256:1819ad4cec1c9597ed7520e97f3a10f85d635fb510ebc56fd6410bf86de1f577", size = 702081, upload-time = "2026-08-12T02:04:11.02Z" },
    { url = "https://files.pythonhosted.org/packages/39/09/c1ef92506fd1edd58fcca507070146d56bd950a1912d861558628fb03cef/stringzilla-5.1.2-cp313-cp313-macosx_11_0_arm64.whl", hash = "sha256:4b4c9f1ecb87469da0d4ac9a99cf5af48b062fa4b5e52ef4af15e90fa47e24ba", size = 417386, upload-time = "2026-08-12T02:04:12.721Z" },
    { url = "https://files.pythonhosted.org/packages/ad/89/69666fca88fd0cc86e900ed903e3714be0a1f36092f6a424149a9636a995/stringzilla-5.1.2-cp313-cp313-macosx_11_0_x86_64.whl", hash = "sha256:2420e27441d2536fdd4099cae946f32a0a0df75bfba785d52adfd72804d221e9", size = 443659, upload-time = "2026-08-12T02:04:14.225Z" },
    { url = "https://files.pythonhosted.org/packages/80/66/b62f24b45d48f7c50a1adc8c692183d36d03b7a73f1abab791066f7c8d44/stringzilla-5.1.2-cp313-cp313-manylinux2014_aarch64.manylinux_2_17_aarch64.manylinux_2_28_aarch64.whl", hash = "sha256:988d1cdb3bb25ddb3b04438f69aa4210ccaa23454d99714cf60d0dc9578ffb48", size = 3499108, upload-time = "2026-08-12T02:04:15.58Z" },
    { url = "https://files.pythonhosted.org/packages/2d/e8/8cec708ae9ad98af1fce96581f18bfbb401baf9f3d4df56fb892f39c7790/stringzilla-5.1.2-cp313-cp313-manylinux2014_armv7l.manylinux_2_17_armv7l.manylinux_2_31_armv7l.whl", hash = "sha256:86ad149d5ebd71e2fc94ee7508f5d5555066eef56e9589973cab50abd873b33a", size = 2529155, upload-time = "2026-08-12T02:04:17.39Z" },
    { url = "https://files.pythonhosted.org/packages/97/4f/88cd5686e3e2804947b43d3bbcc3f8bea90bcb8ee02189e087a5b78a9460/stringzilla-5.1.2-cp313-cp313-manylinux2014_ppc64le.manylinux_2_17_ppc64le.manylinux_2_28_ppc64le.whl", hash = "sha256:a76163e2efc65f890b0f2f7eee0e4b4285cb28d3ee140f72c40f297f7285344c", size = 2716921, upload-time = "2026-08-12T02:04:19.253Z" },
    { url = "https://files.pythonhosted.org/packages/6c/42/91d8360b074aa62053fed782e9c037148c57ffb7f88ae6a4f919e7c78700/stringzilla-5.1.2-cp313-cp313-manylinux2014_s390x.manylinux_2_17_s390x.manylinux_2_28_s390x.whl", hash = "sha256:1b7042bc73db929fd53826acb62d5049f5f3e9e860d87f5a6892acd0fef22258", size = 2553776, upload-time = "2026-08-12T02:04:20.688Z" },
    { url = "https://files.pythonhosted.org/packages/31/da/5116d83b04fc4d243f578e31a3c9100c335d9e1976f000ffda58c0a7c46d/stringzilla-5.1.2-cp313-cp313-manylinux2014_x86_64.manylinux_2_17_x86_64.manylinux_2_28_x86_64.whl", hash = "sha256:9a9b7ae9091bb5a54fbdd5ea4d484b544fec4c9d6405a5d68c2e578ecf15a47e", size = 4333103, upload-time = "2026-08-12T02:04:22.271Z" },
    { url = "https://files.pythonhosted.org/packages/1a/9b/170036a7952fb2ee89b06aacff11d349c751abd475a1d42dc04ab7024297/stringzilla-5.1.2-cp313-cp313-manylinux_2_34_riscv64.manylinux_2_39_riscv64.whl", hash = "sha256:50d307c5bec4fe6036c21d4a6c3a402805958220cf2f84fc0304317e373dfd26", size = 2533815, upload-time = "2026-08-12T02:04:23.915Z" },
    { url = "https://files.pythonhosted.org/packages/02/27/e5a801e729444a66897d50ebf194facc95632fc143e8fe5be1f9a8c4d3ec/stringzilla-5.1.2-cp313-cp313-musllinux_1_2_aarch64.whl", hash = "sha256:ebe51031edae64827ac39b65aafff7ddbf46616b6aab647df086b7deec9a04e9", size = 3471298, upload-time = "2026-08-12T02:04:25.695Z" },
    { url = "https://files.pythonhosted.org/packages/41/c2/35ed56c67668601a4208300c7c6d30ffe3bace1eca0764aa01f71bb73499/stringzilla-5.1.2-cp313-cp313-musllinux_1_2_armv7l.whl", hash = "sha256:185633f5f2c8c334d4d874cb1e8428ba9e65172894777b54e771da31ea636e0d", size = 2363211, upload-time = "2026-08-12T02:04:27.205Z" },
    { url = "https://files.pythonhosted.org/packages/cb/93/78db97ac13a2d369055236f8c0aa7c4b5cef44b16b8cdffd23a15529b5ef/stringzilla-5.1.2-cp313-cp313-musllinux_1_2_ppc64le.whl", hash = "sha256:431ba35e4bc4e76d306f6977b618a4acc4db09f5d16d66585a97735aa25bd105", size = 2704494, upload-time = "2026-08-12T02:04:28.807Z" },
    { url = "https://files.pythonhosted.org/packages/f8/02/c570432f829198e363914eb5d41c1ebcd49722fefe1aa66ca789c70cded2/stringzilla-5.1.2-cp313-cp313-musllinux_1_2_riscv64.whl", hash = "sha256:cb64438e92f8878e0cf91a88ec804658c8cf30b95bfc2371cd361628b2365011", size = 2364989, upload-time = "2026-08-12T02:04:30.303Z" },
    { url = "https://files.pythonhosted.org/packages/86/db/a38dbb9716f625e510a83a73c7d0b49bbc2c62a482c7c0db930d0ea71253/stringzilla-5.1.2-cp313-cp313-musllinux_1_2_s390x.whl", hash = "sha256:36616d20d4fc73ddb775405ef8caa18091d3df7e7becfe7feaecf56f60707e7c", size = 2539372, upload-time = "2026-08-12T02:04:32.017Z" },
    { url = "https://files.pythonhosted.org/packages/4b/85/fed6c6fd8eb8e9e98546ff02841c4400bb11a5c6fb7371b66b4f1decf0d2/stringzilla-5.1.2-cp313-cp313-musllinux_1_2_x86_64.whl", hash = "sha256:d12b95cc138b066812c38ac5c0ef4ea2cb5056ed5abc47a40ea49d1e54a4baee", size = 4285919, upload-time = "2026-08-12T02:04:33.655Z" },
    { url = "https://files.pythonhosted.org/packages/8f/f6/cc6bdbdcc14998bdfc958f02f082f19cf224e42e5a538bdc5d2c8d37628b/stringzilla-5.1.2-cp313-cp313-win32.whl", hash = "sha256:686306a3ecce25e835337efce1495b66c0b33f9f590a92016f0a4e36fb344b19", size = 309801, upload-time = "2026-08-12T02:04:35.33Z" },
    { url = "https://files.pythonhosted.org/packages/b7/f0/f256c3f26a494d77f4fa7f7edd3ef6a9d89fb13a5f774ad5c97e23eaaa30/stringzilla-5.1.2-cp313-cp313-win_amd64.whl", hash = "sha256:45acf43fdba69b6eaeec567d87367ef7e0b65ee9ae01f2bba15064936e62725b", size = 868148, upload-time = "2026-08-12T02:04:36.735Z" },
    { url = "https://files.pythonhosted.org/packages/7b/b2/99c21e16091d14d0d5509b22af3bcfc1e19cdde0365da0371b2c73bc67b0/stringzilla-5.1.2-cp313-cp313-win_arm64.whl", hash = "sha256:1ad6d13abab2b86de565b1c5ac2cd44bd3a1561c1217ea981b35f7067c4f3854", size = 702099, upload-time = "2026-08-12T02:04:38.09Z" },
    { url = "https://files.pythonhosted.org/packages/5f/c2/c0930f69228a738c9992d6c30d8a69ce068d3a69a657ca2c7773ae16ae1b/stringzilla-5.1.2-cp314-cp314-macosx_11_0_arm64.whl", hash = "sha256:65b179d7fe8bee6755d6716792854795ab864e0eba73c2ffacafbe8f5708fd0b", size = 417399, upload-time = "2026-08-12T02:04:39.432Z" },
    { url = "https://files.pythonhosted.org/packages/e9/ce/f1ddd07ea455963715365fe3b0912772016c75bf6279bce63eae9b56e93e/stringzilla-5.1.2-cp314-cp314-macosx_11_0_x86_64.whl", hash = "sha256:1a83aa574a5be171a376dcaa3ffe57e983a8a1ec0ca2d95424d27e65a8784fdd", size = 443699, upload-time = "2026-08-12T02:04:40.907Z" },
    { url = "https://files.pythonhosted.org/packages/0d/43/3410ead66aa43bc1ea08b338d29c8260a8a592934d35ffc8829197ca9dbd/stringzilla-5.1.2-cp314-cp314-manylinux2014_aarch64.manylinux_2_17_aarch64.manylinux_2_28_aarch64.whl", hash = "sha256:82acb2f987ee6a31cc6c99abd34ba2bd42744151e3e145908f389d39ccdb61a1", size = 3499711, upload-time = "2026-08-12T02:04:42.281Z" },
    { url = "https://files.pythonhosted.org/packages/5d/f4/884c1a82752da714bd80ddcf9365ec29add73d9cbf5904af1bd331479b8e/stringzilla-5.1.2-cp314-cp314-manylinux2014_armv7l.manylinux_2_17_armv7l.manylinux_2_31_armv7l.whl", hash = "sha256:2752accd6b871d55a9f488c83210cbbe04a24c772c49696d4357da311890b049", size = 2528818, upload-time = "2026-08-12T02:04:44.045Z" },
    { url = "https://files.pythonhosted.org/packages/21/81/3b90435f265873416ed9c1e56b24cb860f063c0d78864926229295f409e9/stringzilla-5.1.2-cp314-cp314-manylinux2014_ppc64le.manylinux_2_17_ppc64le.manylinux_2_28_ppc64le.whl", hash = "sha256:aa526909d4f2ee754b1d68bcbf2b9a7f36f99a3abce41eb2e357a9e2aaf0acd4", size = 2718436, upload-time = "2026-08-12T02:04:45.96Z" },
    { url = "https://files.pythonhosted.org/packages/2f/b8/75599a8588eb330cead98a64550c5381f06980a0969d1b5ac64b44eee0f5/stringzilla-5.1.2-cp314-cp314-manylinux2014_s390x.manylinux_2_17_s390x.manylinux_2_28_s390x.whl", hash = "sha256:304fb79faa74e5bf4468cfafb0dcdbbc9e1de47f44dfdf99e25683eb43189b6c", size = 2554773, upload-time = "2026-08-12T02:04:48.29Z" },
    { url = "https://files.pythonhosted.org/packages/ee/ab/5d48e2ce894861ef0baadcaf10c7f063c22a8fee42a44226c2d47de3cc7a/stringzilla-5.1.2-cp314-cp314-manylinux2014_x86_64.manylinux_2_17_x86_64.manylinux_2_28_x86_64.whl", hash = "sha256:cf66a8ad32adb1390f3a1a7f1af3b45db80b66f6c319a65e59cff3eacf5ebe43", size = 4333189, upload-time = "2026-08-12T02:04:49.941Z" },
    { url = "https://files.pythonhosted.org/packages/0b/18/fa004508aa59699def7568f43757abd96b5979c296d509576394f637037c/stringzilla-5.1.2-cp314-cp314-manylinux_2_34_riscv64.manylinux_2_39_riscv64.whl", hash = "sha256:187d4fafddea97e769d1de1f8489f6b56761d0c0ff9e3fd285bf4893523af266", size = 2534578, upload-time = "2026-08-12T02:04:51.527Z" },
    { url = "https://files.pythonhosted.org/packages/e4/5a/f992bfc2cb8f6ec03bd576db602152812362d50f4cbeb6b611d9edfff01d/stringzilla-5.1.2-cp314-cp314-musllinux_1_2_aarch64.whl", hash = "sha256:fd3ef43fc6ba3c9e62a1161690b4747f449ae4e2bf6c0acfd1e83aeb7446fe13", size = 3471672, upload-time = "2026-08-12T02:04:53.192Z" },
    { url = "https://files.pythonhosted.org/packages/4f/62/a1cf9bff9c61023a285e074adfff635e95482a52d84ea622624c8c3f02dc/stringzilla-5.1.2-cp314-cp314-musllinux_1_2_armv7l.whl", hash = "sha256:0315b8f3673c2d9b08ef056be2649533ab073452c2a240e511ef23b9c39a391f", size = 2362229, upload-time = "2026-08-12T02:04:54.751Z" },
    { url = "https://files.pythonhosted.org/packages/c3/44/f68f2437cc06bb012ad9af552c9e78c01adca2a6aef2f4caaaca1f06420a/stringzilla-5.1.2-cp314-cp314-musllinux_1_2_ppc64le.whl", hash = "sha256:bb40e2fef1f87157d43047c434a38dc0c8935adee1218690cf40d1ac260d5361", size = 2706538, upload-time = "2026-08-12T02:04:56.287Z" },
    { url = "https://files.pythonhosted.org/packages/82/49/ede4c255c36f60c5e6d87704d6cda10d26437f7ae0d8a43b305fedb8e4cf/stringzilla-5.1.2-cp314-cp314-musllinux_1_2_riscv64.whl", hash = "sha256:0a311ebc4cabd8919484572e1ee35d8458b1b16709163ce3b366eab0b32d13cf", size = 2366278, upload-time = "2026-08-12T02:04:57.942Z" },
    { url = "https://files.pythonhosted.org/packages/10/5b/394136a9f8856047e663ed028a15c4e10dbc46bec5d293358a7dfcc9417a/stringzilla-5.1.2-cp314-cp314-musllinux_1_2_s390x.whl", hash = "sha256:0907407165981c7fc025d75afdd26a808a9a66051298a9c3646a17b2179aabb4", size = 2539688, upload-time = "2026-08-12T02:04:59.542Z" },
    { url = "https://files.pythonhosted.org/packages/ab/aa/5d4adfdb42b254262e909e0eac2808722e0afe41c11371515ebd817b4de7/stringzilla-5.1.2-cp314-cp314-musllinux_1_2_x86_64.whl", hash = "sha256:79ac9403b20e494d2f47dcd3464cad440b2c0272717e3b9494c6c742be2f7a46", size = 4285634, upload-time = "2026-08-12T02:05:01.16Z" },
    { url = "https://files.pythonhosted.org/packages/61/59/c2e92cc84ebbd470f988a614db31071a258409a7ee726c43fa85effb3339/stringzilla-5.1.2-cp314-cp314-win32.whl", hash = "sha256:e5e8af9513e4e869f0d6b794a42b33d9aa1d18c8ec6b1da3aa8aa023ecc67cad", size = 320068, upload-time = "2026-08-12T02:05:02.817Z" },
    { url = "https://files.pythonhosted.org/packages/29/4a/78dac08e20ac3953821c1422fa4c0838193b9294d5947e7e54829e8079a2/stringzilla-5.1.2-cp314-cp314-win_amd64.whl", hash = "sha256:b3e78c67a02b4393c291a41588bf35faccfd7f701feb68f54e01dd8e5689e278", size = 884748, upload-time = "2026-08-12T02:05:04.319Z" },
    { url = "https://files.pythonhosted.org/packages/f3/0d/0aeec0057f0496af51e4e25d55069f19d26f9c5df83e8bb3f48385f142ce/stringzilla-5.1.2-cp314-cp314-win_arm64.whl", hash = "sha256:a0426edb553435507df45b6da45e0b96b4d94498c06a887ebcf6a45354a0839d", size = 720119, upload-time = "2026-08-12T02:05:05.719Z" },
    { url = "https://files.pythonhosted.org/packages/b7/f0/0c1e9da63b9b3102206017099d46c8934fed955eb51c0b6095cbc9eefd40/stringzilla-5.1.2-cp314-cp314t-macosx_11_0_arm64.whl", hash = "sha256:9b04984fdaefb5a6a5fa881a7a2235960e9def097218602398840dd5a9b97400", size = 419689, upload-time = "2026-08-12T02:05:07.3Z" },
    { url = "https://files.pythonhosted.org/packages/cf/84/aa19eab99cafe4194166ce2c87a7ec406051dd0d58646a2d7cfd8b3ff07d/stringzilla-5.1.2-cp314-cp314t-macosx_11_0_x86_64.whl", hash = "sha256:19707e152f0543be89908ac2c3b10d59ee84d3cd20a54ac8287aa4e841c65cd0", size = 445299, upload-time = "2026-08-12T02:05:08.775Z" },
    { url = "https://files.pythonhosted.org/packages/d6/7f/55cc08004262482ca3346f4bd2645c61628e6dc1cf520eb233924aad0269/stringzilla-5.1.2-cp314-cp314t-manylinux2014_aarch64.manylinux_2_17_aarch64.manylinux_2_28_aarch64.whl", hash = "sha256:07549270e6c550ce624e3f074434295d1d56408c6659c5b9c3c35542c43a9408", size = 3536939, upload-time = "2026-08-12T02:05:10.289Z" },
    { url = "https://files.pythonhosted.org/packages/97/17/f51039a68d4264dc39d11aae591fdaaa2d2273eb3991f7e1d01ac84ab7d2/stringzilla-5.1.2-cp314-cp314t-manylinux2014_x86_64.manylinux_2_17_x86_64.manylinux_2_28_x86_64.whl", hash = "sha256:ef9dfc8f731bdcc48a62e0c77c000c42181275a375d397ab7223be86d8b9eecd", size = 4366457, upload-time = "2026-08-12T02:05:12.161Z" },
    { url = "https://files.pythonhosted.org/packages/22/48/cca29a9ee8c892a746e5c94b36224269fd318f4a387d09b9ea5fb7150cad/stringzilla-5.1.2-cp314-cp314t-musllinux_1_2_aarch64.whl", hash = "sha256:9e19b67b2effc72a81c64502cf62ea7e4028b4275116dfd10b30f952a419be53", size = 3507912, upload-time = "2026-08-12T02:05:13.915Z" },
    { url = "https://files.pythonhosted.org/packages/40/c5/5d7e3cebc7ee332a12b57d217076b268817ff10e599c8f6f423340503389/stringzilla-5.1.2-cp314-cp314t-musllinux_1_2_x86_64.whl", hash = "sha256:ad88d1910a8e7a6d9a7f40c6cb5a7358cd35e6ccffbff2d30303f19f3b7ad16c", size = 4320285, upload-time = "2026-08-12T02:05:15.688Z" },
    { url = "https://files.pythonhosted.org/packages/ba/9b/be1d0894cd6c502e36e47462b0fae34381a3b8c8da646bdbc5d6e9e9e3ee/stringzilla-5.1.2-cp314-cp314t-win32.whl", hash = "sha256:806511b899fd71d0e11ab4faf5dd3d4d25b23bdd30c4fac301813a358aca8547", size = 322900, upload-time = "2026-08-12T02:05:17.352Z" },
    { url = "https://files.pythonhosted.org/packages/9f/09/c8a5ee87d192fdfbc6e8858182186fd7aca440862502abe9c9016937aa20/stringzilla-5.1.2-cp314-cp314t-win_amd64.whl", hash = "sha256:b1de5256a9b627b145a1501fae1ecc274dcea3f6c9b4e024c2648f4de38c656c", size = 887884, upload-time = "2026-08-12T02:05:19.019Z" },
    { url = "https://files.pythonhosted.org/packages/a9/60/55de977fca319f2ce687b00be4481f22bdf483333716c86dc08a9b4ff140/stringzilla-5.1.2-cp314-cp314t-win_arm64.whl", hash = "sha256:f54e19e1a7aa86218d9cfcb67afe3a7c31b91a068b8a198ce1e40809c8bcb9ae", size = 721597, upload-time = "2026-08-12T02:05:21.014Z" },
]

[[package]]
name = "tabulate"
version = "0.10.0"
source = { registry = "https://pypi.org/simple" }
sdist = { url = "https://files.pythonhosted.org/packages/46/58/8c37dea7bbf769b20d58e7ace7e5edfe65b849442b00ffcdd56be88697c6/tabulate-0.10.0.tar.gz", hash = "sha256:e2cfde8f79420f6deeffdeda9aaec3b6bc5abce947655d17ac662b126e48a60d", size = 91754, upload-time = "2026-03-04T18:55:34.402Z" }
wheels = [
    { url = "https://files.pythonhosted.org/packages/99/55/db07de81b5c630da5cbf5c7df646580ca26dfaefa593667fc6f2fe016d2e/tabulate-0.10.0-py3-none-any.whl", hash = "sha256:f0b0622e567335c8fabaaa659f1b33bcb6ddfe2e496071b743aa113f8774f2d3", size = 39814, upload-time = "2026-03-04T18:55:31.284Z" },
]

[[package]]
name = "yara-x"
version = "1.20.0"
source = { registry = "https://pypi.org/simple" }
wheels = [
    { url = "https://files.pythonhosted.org/packages/66/1b/98eb070ce71703d008a5ce1e63c46cb16e6b32fe56b6bd4701fcbaab337b/yara_x-1.20.0-cp38-abi3-macosx_14_0_arm64.whl", hash = "sha256:cc2d0daf9d1bc9ceee76c31f711773918d3763849906ae1c87469399398adb48", size = 8225328, upload-time = "2026-08-24T10:06:06.723Z" },
    { url = "https://files.pythonhosted.org/packages/26/c5/1d4dfbd69fa2987e29202788083c06c30b0cff5e35c80d073b39fcca9556/yara_x-1.20.0-cp38-abi3-macosx_14_0_x86_64.whl", hash = "sha256:9554d051962c41264c99fe70c07621fedd34a580aaaba80a4be892b0cfb615c3", size = 8940454, upload-time = "2026-08-24T10:06:09.272Z" },
    { url = "https://files.pythonhosted.org/packages/af/90/9e3ca8e5429f7cda3e88d3d08f5d8f369e3b54fbc9d9fc7fa4d30d876c43/yara_x-1.20.0-cp38-abi3-manylinux_2_28_aarch64.whl", hash = "sha256:688499af8777b2b48ff4314b24ba255ec52309dbc31ac20f14e6c6a6fb55e67e", size = 9573562, upload-time = "2026-08-24T10:06:12.175Z" },
    { url = "https://files.pythonhosted.org/packages/eb/9a/e3c3c988543ad48ce7e56fc146be4069b6fdc3bc248884ee4265c4470cab/yara_x-1.20.0-cp38-abi3-manylinux_2_28_x86_64.whl", hash = "sha256:73e7508b01991cf2443771547a982048959481462e9b641162b7fc581063a4d1", size = 9624547, upload-time = "2026-08-24T10:06:15.246Z" },
    { url = "https://files.pythonhosted.org/packages/ff/43/cdb8d3025763be6abf6b24febf301c69c09e6d13c4db8d5a9b3a37d6e78a/yara_x-1.20.0-cp38-abi3-win_amd64.whl", hash = "sha256:d8419ee81dc6fe201d6f4497390a70284ecaa8a0ebd2e397eb33c9a882673534", size = 8367309, upload-time = "2026-08-24T10:06:17.904Z" },
]
